// !$*UTF8*$!
{
	archiveVersion = 1;
	classes = {
	};
	objectVersion = 55;
	objects = {

/* Begin PBXBuildFile section */
		021F523C2859812200DEA163 /* DetailViewController.swift in Sources */ = {isa = PBXBuildFile; fileRef = 021F523B2859812200DEA163 /* DetailViewController.swift */; };
		02529D6B2858FDE100D5844D /* AppDelegate.swift in Sources */ = {isa = PBXBuildFile; fileRef = 02529D6A2858FDE100D5844D /* AppDelegate.swift */; };
		02529D6D2858FDE100D5844D /* SceneDelegate.swift in Sources */ = {isa = PBXBuildFile; fileRef = 02529D6C2858FDE100D5844D /* SceneDelegate.swift */; };
		02529D6F2858FDE100D5844D /* ViewController.swift in Sources */ = {isa = PBXBuildFile; fileRef = 02529D6E2858FDE100D5844D /* ViewController.swift */; };
		02529D722858FDE100D5844D /* Main.storyboard in Resources */ = {isa = PBXBuildFile; fileRef = 02529D702858FDE100D5844D /* Main.storyboard */; };
		02529D742858FDE700D5844D /* Assets.xcassets in Resources */ = {isa = PBXBuildFile; fileRef = 02529D732858FDE700D5844D /* Assets.xcassets */; };
		02529D772858FDE700D5844D /* LaunchScreen.storyboard in Resources */ = {isa = PBXBuildFile; fileRef = 02529D752858FDE700D5844D /* LaunchScreen.storyboard */; };
		02529D892858FF7500D5844D /* nssl0049.jpg in Resources */ = {isa = PBXBuildFile; fileRef = 02529D7F2858FF7500D5844D /* nssl0049.jpg */; };
		02529D8A2858FF7500D5844D /* nssl0046.jpg in Resources */ = {isa = PBXBuildFile; fileRef = 02529D802858FF7500D5844D /* nssl0046.jpg */; };
		02529D8B2858FF7500D5844D /* nssl0091.jpg in Resources */ = {isa = PBXBuildFile; fileRef = 02529D812858FF7500D5844D /* nssl0091.jpg */; };
		02529D8C2858FF7500D5844D /* nssl0045.jpg in Resources */ = {isa = PBXBuildFile; fileRef = 02529D822858FF7500D5844D /* nssl0045.jpg */; };
		02529D8D2858FF7500D5844D /* nssl0051.jpg in Resources */ = {isa = PBXBuildFile; fileRef = 02529D832858FF7500D5844D /* nssl0051.jpg */; };
		02529D8E2858FF7500D5844D /* nssl0041.jpg in Resources */ = {isa = PBXBuildFile; fileRef = 02529D842858FF7500D5844D /* nssl0041.jpg */; };
		02529D8F2858FF7500D5844D /* nssl0042.jpg in Resources */ = {isa = PBXBuildFile; fileRef = 02529D852858FF7500D5844D /* nssl0042.jpg */; };
		02529D902858FF7500D5844D /* nssl0043.jpg in Resources */ = {isa = PBXBuildFile; fileRef = 02529D862858FF7500D5844D /* nssl0043.jpg */; };
		02529D912858FF7500D5844D /* nssl0033.jpg in Resources */ = {isa = PBXBuildFile; fileRef = 02529D872858FF7500D5844D /* nssl0033.jpg */; };
		02529D922858FF7500D5844D /* nssl0034.jpg in Resources */ = {isa = PBXBuildFile; fileRef = 02529D882858FF7500D5844D /* nssl0034.jpg */; };
/* End PBXBuildFile section */

/* Begin PBXFileReference section */
		021F523B2859812200DEA163 /* DetailViewController.swift */ = {isa = PBXFileReference; lastKnownFileType = sourcecode.swift; path = DetailViewController.swift; sourceTree = "<group>"; };
		02529D672858FDE100D5844D /* Project1.app */ = {isa = PBXFileReference; explicitFileType = wrapper.application; includeInIndex = 0; path = Project1.app; sourceTree = BUILT_PRODUCTS_DIR; };
		02529D6A2858FDE100D5844D /* AppDelegate.swift */ = {isa = PBXFileReference; lastKnownFileType = sourcecode.swift; path = AppDelegate.swift; sourceTree = "<group>"; };
		02529D6C2858FDE100D5844D /* SceneDelegate.swift */ = {isa = PBXFileReference; lastKnownFileType = sourcecode.swift; path = SceneDelegate.swift; sourceTree = "<group>"; };
		02529D6E2858FDE100D5844D /* ViewController.swift */ = {isa = PBXFileReference; lastKnownFileType = sourcecode.swift; path = ViewController.swift; sourceTree = "<group>"; };
		02529D712858FDE100D5844D /* Base */ = {isa = PBXFileReference; lastKnownFileType = file.storyboard; name = Base; path = Base.lproj/Main.storyboard; sourceTree = "<group>"; };
		02529D732858FDE700D5844D /* Assets.xcassets */ = {isa = PBXFileReference; lastKnownFileType = folder.assetcatalog; path = Assets.xcassets; sourceTree = "<group>"; };
		02529D762858FDE700D5844D /* Base */ = {isa = PBXFileReference; lastKnownFileType = file.storyboard; name = Base; path = Base.lproj/LaunchScreen.storyboard; sourceTree = "<group>"; };
		02529D782858FDE700D5844D /* Info.plist */ = {isa = PBXFileReference; lastKnownFileType = text.plist.xml; path = Info.plist; sourceTree = "<group>"; };
		02529D7F2858FF7500D5844D /* nssl0049.jpg */ = {isa = PBXFileReference; lastKnownFileType = image.jpeg; path = nssl0049.jpg; sourceTree = "<group>"; };
		02529D802858FF7500D5844D /* nssl0046.jpg */ = {isa = PBXFileReference; lastKnownFileType = image.jpeg; path = nssl0046.jpg; sourceTree = "<group>"; };
		02529D812858FF7500D5844D /* nssl0091.jpg */ = {isa = PBXFileReference; lastKnownFileType = image.jpeg; path = nssl0091.jpg; sourceTree = "<group>"; };
		02529D822858FF7500D5844D /* nssl0045.jpg */ = {isa = PBXFileReference; lastKnownFileType = image.jpeg; path = nssl0045.jpg; sourceTree = "<group>"; };
		02529D832858FF7500D5844D /* nssl0051.jpg */ = {isa = PBXFileReference; lastKnownFileType = image.jpeg; path = nssl0051.jpg; sourceTree = "<group>"; };
		02529D842858FF7500D5844D /* nssl0041.jpg */ = {isa = PBXFileReference; lastKnownFileType = image.jpeg; path = nssl0041.jpg; sourceTree = "<group>"; };
		02529D852858FF7500D5844D /* nssl0042.jpg */ = {isa = PBXFileReference; lastKnownFileType = image.jpeg; path = nssl0042.jpg; sourceTree = "<group>"; };
		02529D862858FF7500D5844D /* nssl0043.jpg */ = {isa = PBXFileReference; lastKnownFileType = image.jpeg; path = nssl0043.jpg; sourceTree = "<group>"; };
		02529D872858FF7500D5844D /* nssl0033.jpg */ = {isa = PBXFileReference; lastKnownFileType = image.jpeg; path = nssl0033.jpg; sourceTree = "<group>"; };
		02529D882858FF7500D5844D /* nssl0034.jpg */ = {isa = PBXFileReference; lastKnownFileType = image.jpeg; path = nssl0034.jpg; sourceTree = "<group>"; };
/* End PBXFileReference section */

/* Begin PBXFrameworksBuildPhase section */
		02529D642858FDE100D5844D /* Frameworks */ = {
			isa = PBXFrameworksBuildPhase;
			buildActionMask = 2147483647;
			files = (
			);
			runOnlyForDeploymentPostprocessing = 0;
		};
/* End PBXFrameworksBuildPhase section */

/* Begin PBXGroup section */
		02529D5E2858FDE100D5844D = {
			isa = PBXGroup;
			children = (
				02529D692858FDE100D5844D /* Project1 */,
				02529D682858FDE100D5844D /* Products */,
			);
			sourceTree = "<group>";
		};
		02529D682858FDE100D5844D /* Products */ = {
			isa = PBXGroup;
			children = (
				02529D672858FDE100D5844D /* Project1.app */,
			);
			name = Products;
			sourceTree = "<group>";
		};
		02529D692858FDE100D5844D /* Project1 */ = {
			isa = PBXGroup;
			children = (
				02529D6A2858FDE100D5844D /* AppDelegate.swift */,
				02529D6C2858FDE100D5844D /* SceneDelegate.swift */,
				02529D6E2858FDE100D5844D /* ViewController.swift */,
				021F523B2859812200DEA163 /* DetailViewController.swift */,
				02529D702858FDE100D5844D /* Main.storyboard */,
				02529D732858FDE700D5844D /* Assets.xcassets */,
				02529D752858FDE700D5844D /* LaunchScreen.storyboard */,
				02529D782858FDE700D5844D /* Info.plist */,
				02529D7E2858FF7500D5844D /* Content */,
			);
			path = Project1;
			sourceTree = "<group>";
		};
		02529D7E2858FF7500D5844D /* Content */ = {
			isa = PBXGroup;
			children = (
				02529D7F2858FF7500D5844D /* nssl0049.jpg */,
				02529D802858FF7500D5844D /* nssl0046.jpg */,
				02529D812858FF7500D5844D /* nssl0091.jpg */,
				02529D822858FF7500D5844D /* nssl0045.jpg */,
				02529D832858FF7500D5844D /* nssl0051.jpg */,
				02529D842858FF7500D5844D /* nssl0041.jpg */,
				02529D852858FF7500D5844D /* nssl0042.jpg */,
				02529D862858FF7500D5844D /* nssl0043.jpg */,
				02529D872858FF7500D5844D /* nssl0033.jpg */,
				02529D882858FF7500D5844D /* nssl0034.jpg */,
			);
			path = Content;
			sourceTree = "<group>";
		};
/* End PBXGroup section */

/* Begin PBXNativeTarget section */
		02529D662858FDE100D5844D /* Project1 */ = {
			isa = PBXNativeTarget;
			buildConfigurationList = 02529D7B2858FDE700D5844D /* Build configuration list for PBXNativeTarget "Project1" */;
			buildPhases = (
				02529D632858FDE100D5844D /* Sources */,
				02529D642858FDE100D5844D /* Frameworks */,
				02529D652858FDE100D5844D /* Resources */,
			);
			buildRules = (
			);
			dependencies = (
			);
			name = Project1;
			productName = Project1;
			productReference = 02529D672858FDE100D5844D /* Project1.app */;
			productType = "com.apple.product-type.application";
		};
/* End PBXNativeTarget section */

/* Begin PBXProject section */
		02529D5F2858FDE100D5844D /* Project object */ = {
			isa = PBXProject;
			attributes = {
				BuildIndependentTargetsInParallel = 1;
				LastSwiftUpdateCheck = 1340;
				LastUpgradeCheck = 1340;
				TargetAttributes = {
					02529D662858FDE100D5844D = {
						CreatedOnToolsVersion = 13.4.1;
					};
				};
			};
			buildConfigurationList = 02529D622858FDE100D5844D /* Build configuration list for PBXProject "Project1" */;
			compatibilityVersion = "Xcode 13.0";
			developmentRegion = en;
			hasScannedForEncodings = 0;
			knownRegions = (
				en,
				Base,
			);
			mainGroup = 02529D5E2858FDE100D5844D;
			productRefGroup = 02529D682858FDE100D5844D /* Products */;
			projectDirPath = "";
			projectRoot = "";
			targets = (
				02529D662858FDE100D5844D /* Project1 */,
			);
		};
/* End PBXProject section */

/* Begin PBXResourcesBuildPhase section */
		02529D652858FDE100D5844D /* Resources */ = {
			isa = PBXResourcesBuildPhase;
			buildActionMask = 2147483647;
			files = (
				02529D8A2858FF7500D5844D /* nssl0046.jpg in Resources */,
				02529D912858FF7500D5844D /* nssl0033.jpg in Resources */,
				02529D8D2858FF7500D5844D /* nssl0051.jpg in Resources */,
				02529D8B2858FF7500D5844D /* nssl0091.jpg in Resources */,
				02529D902858FF7500D5844D /* nssl0043.jpg in Resources */,
				02529D922858FF7500D5844D /* nssl0034.jpg in Resources */,
				02529D892858FF7500D5844D /* nssl0049.jpg in Resources */,
				02529D8E2858FF7500D5844D /* nssl0041.jpg in Resources */,
				02529D8F2858FF7500D5844D /* nssl0042.jpg in Resources */,
				02529D772858FDE700D5844D /* LaunchScreen.storyboard in Resources */,
				02529D742858FDE700D5844D /* Assets.xcassets in Resources */,
				02529D8C2858FF7500D5844D /* nssl0045.jpg in Resources */,
				02529D722858FDE100D5844D /* Main.storyboard in Resources */,
			);
			runOnlyForDeploymentPostprocessing = 0;
		};
/* End PBXResourcesBuildPhase section */

/* Begin PBXSourcesBuildPhase section */
		02529D632858FDE100D5844D /* Sources */ = {
			isa = PBXSourcesBuildPhase;
			buildActionMask = 2147483647;
			files = (
				02529D6F2858FDE100D5844D /* ViewController.swift in Sources */,
				02529D6B2858FDE100D5844D /* AppDelegate.swift in Sources */,
				02529D6D2858FDE100D5844D /* SceneDelegate.swift in Sources */,
				021F523C2859812200DEA163 /* DetailViewController.swift in Sources */,
			);
			runOnlyForDeploymentPostprocessing = 0;
		};
/* End PBXSourcesBuildPhase section */

/* Begin PBXVariantGroup section */
		02529D702858FDE100D5844D /* Main.storyboard */ = {
			isa = PBXVariantGroup;
			children = (
				02529D712858FDE100D5844D /* Base */,
			);
			name = Main.storyboard;
			sourceTree = "<group>";
		};
		02529D752858FDE700D5844D /* LaunchScreen.storyboard */ = {
			isa = PBXVariantGroup;
			children = (
				02529D762858FDE700D5844D /* Base */,
			);
			name = LaunchScreen.storyboard;
			sourceTree = "<group>";
		};
/* End PBXVariantGroup section */

/* Begin XCBuildConfiguration section */
		02529D792858FDE700D5844D /* Debug */ = {
			isa = XCBuildConfiguration;
			buildSettings = {
				ALWAYS_SEARCH_USER_PATHS = NO;
				CLANG_ANALYZER_NONNULL = YES;
				CLANG_ANALYZER_NUMBER_OBJECT_CONVERSION = YES_AGGRESSIVE;
				CLANG_CXX_LANGUAGE_STANDARD = "gnu++17";
				CLANG_ENABLE_MODULES = YES;
				CLANG_ENABLE_OBJC_ARC = YES;
				CLANG_ENABLE_OBJC_WEAK = YES;
				CLANG_WARN_BLOCK_CAPTURE_AUTORELEASING = YES;
				CLANG_WARN_BOOL_CONVERSION = YES;
				CLANG_WARN_COMMA = YES;
				CLANG_WARN_CONSTANT_CONVERSION = YES;
				CLANG_WARN_DEPRECATED_OBJC_IMPLEMENTATIONS = YES;
				CLANG_WARN_DIRECT_OBJC_ISA_USAGE = YES_ERROR;
				CLANG_WARN_DOCUMENTATION_COMMENTS = YES;
				CLANG_WARN_EMPTY_BODY = YES;
				CLANG_WARN_ENUM_CONVERSION = YES;
				CLANG_WARN_INFINITE_RECURSION = YES;
				CLANG_WARN_INT_CONVERSION = YES;
				CLANG_WARN_NON_LITERAL_NULL_CONVERSION = YES;
				CLANG_WARN_OBJC_IMPLICIT_RETAIN_SELF = YES;
				CLANG_WARN_OBJC_LITERAL_CONVERSION = YES;
				CLANG_WARN_OBJC_ROOT_CLASS = YES_ERROR;
				CLANG_WARN_QUOTED_INCLUDE_IN_FRAMEWORK_HEADER = YES;
				CLANG_WARN_RANGE_LOOP_ANALYSIS = YES;
				CLANG_WARN_STRICT_PROTOTYPES = YES;
				CLANG_WARN_SUSPICIOUS_MOVE = YES;
				CLANG_WARN_UNGUARDED_AVAILABILITY = YES_AGGRESSIVE;
				CLANG_WARN_UNREACHABLE_CODE = YES;
				CLANG_WARN__DUPLICATE_METHOD_MATCH = YES;
				COPY_PHASE_STRIP = NO;
				DEBUG_INFORMATION_FORMAT = dwarf;
				ENABLE_STRICT_OBJC_MSGSEND = YES;
				ENABLE_TESTABILITY = YES;
				GCC_C_LANGUAGE_STANDARD = gnu11;
				GCC_DYNAMIC_NO_PIC = NO;
				GCC_NO_COMMON_BLOCKS = YES;
				GCC_OPTIMIZATION_LEVEL = 0;
				GCC_PREPROCESSOR_DEFINITIONS = (
					"DEBUG=1",
					"$(inherited)",
				);
				GCC_WARN_64_TO_32_BIT_CONVERSION = YES;
				GCC_WARN_ABOUT_RETURN_TYPE = YES_ERROR;
				GCC_WARN_UNDECLARED_SELECTOR = YES;
				GCC_WARN_UNINITIALIZED_AUTOS = YES_AGGRESSIVE;
				GCC_WARN_UNUSED_FUNCTION = YES;
				GCC_WARN_UNUSED_VARIABLE = YES;
				IPHONEOS_DEPLOYMENT_TARGET = 15.5;
				MTL_ENABLE_DEBUG_INFO = INCLUDE_SOURCE;
				MTL_FAST_MATH = YES;
				ONLY_ACTIVE_ARCH = YES;
				SDKROOT = iphoneos;
				SWIFT_ACTIVE_COMPILATION_CONDITIONS = DEBUG;
				SWIFT_OPTIMIZATION_LEVEL = "-Onone";
			};
			name = Debug;
		};
		02529D7A2858FDE700D5844D /* Release */ = {
			isa = XCBuildConfiguration;
			buildSettings = {
				ALWAYS_SEARCH_USER_PATHS = NO;
				CLANG_ANALYZER_NONNULL = YES;
				CLANG_ANALYZER_NUMBER_OBJECT_CONVERSION = YES_AGGRESSIVE;
				CLANG_CXX_LANGUAGE_STANDARD = "gnu++17";
				CLANG_ENABLE_MODULES = YES;
				CLANG_ENABLE_OBJC_ARC = YES;
				CLANG_ENABLE_OBJC_WEAK = YES;
				CLANG_WARN_BLOCK_CAPTURE_AUTORELEASING = YES;
				CLANG_WARN_BOOL_CONVERSION = YES;
				CLANG_WARN_COMMA = YES;
				CLANG_WARN_CONSTANT_CONVERSION = YES;
				CLANG_WARN_DEPRECATED_OBJC_IMPLEMENTATIONS = YES;
				CLANG_WARN_DIRECT_OBJC_ISA_USAGE = YES_ERROR;
				CLANG_WARN_DOCUMENTATION_COMMENTS = YES;
				CLANG_WARN_EMPTY_BODY = YES;
				CLANG_WARN_ENUM_CONVERSION = YES;
				CLANG_WARN_INFINITE_RECURSION = YES;
				CLANG_WARN_INT_CONVERSION = YES;
				CLANG_WARN_NON_LITERAL_NULL_CONVERSION = YES;
				CLANG_WARN_OBJC_IMPLICIT_RETAIN_SELF = YES;
				CLANG_WARN_OBJC_LITERAL_CONVERSION = YES;
				CLANG_WARN_OBJC_ROOT_CLASS = YES_ERROR;
				CLANG_WARN_QUOTED_INCLUDE_IN_FRAMEWORK_HEADER = YES;
				CLANG_WARN_RANGE_LOOP_ANALYSIS = YES;
				CLANG_WARN_STRICT_PROTOTYPES = YES;
				CLANG_WARN_SUSPICIOUS_MOVE = YES;
				CLANG_WARN_UNGUARDED_AVAILABILITY = YES_AGGRESSIVE;
				CLANG_WARN_UNREACHABLE_CODE = YES;
				CLANG_WARN__DUPLICATE_METHOD_MATCH = YES;
				COPY_PHASE_STRIP = NO;
				DEBUG_INFORMATION_FORMAT = "dwarf-with-dsym";
				ENABLE_NS_ASSERTIONS = NO;
				ENABLE_STRICT_OBJC_MSGSEND = YES;
				GCC_C_LANGUAGE_STANDARD = gnu11;
				GCC_NO_COMMON_BLOCKS = YES;
				GCC_WARN_64_TO_32_BIT_CONVERSION = YES;
				GCC_WARN_ABOUT_RETURN_TYPE = YES_ERROR;
				GCC_WARN_UNDECLARED_SELECTOR = YES;
				GCC_WARN_UNINITIALIZED_AUTOS = YES_AGGRESSIVE;
				GCC_WARN_UNUSED_FUNCTION = YES;
				GCC_WARN_UNUSED_VARIABLE = YES;
				IPHONEOS_DEPLOYMENT_TARGET = 15.5;
				MTL_ENABLE_DEBUG_INFO = NO;
				MTL_FAST_MATH = YES;
				SDKROOT = iphoneos;
				SWIFT_COMPILATION_MODE = wholemodule;
				SWIFT_OPTIMIZATION_LEVEL = "-O";
				VALIDATE_PRODUCT = YES;
			};
			name = Release;
		};
		02529D7C2858FDE700D5844D /* Debug */ = {
			isa = XCBuildConfiguration;
			buildSettings = {
				ASSETCATALOG_COMPILER_APPICON_NAME = AppIcon;
				ASSETCATALOG_COMPILER_GLOBAL_ACCENT_COLOR_NAME = AccentColor;
				CODE_SIGN_STYLE = Automatic;
				CURRENT_PROJECT_VERSION = 1;
				GENERATE_INFOPLIST_FILE = YES;
				INFOPLIST_FILE = Project1/Info.plist;
				INFOPLIST_KEY_UIApplicationSupportsIndirectInputEvents = YES;
				INFOPLIST_KEY_UILaunchStoryboardName = LaunchScreen;
				INFOPLIST_KEY_UIMainStoryboardFile = Main;
				INFOPLIST_KEY_UISupportedInterfaceOrientations_iPad = "UIInterfaceOrientationPortrait UIInterfaceOrientationPortraitUpsideDown UIInterfaceOrientationLandscapeLeft UIInterfaceOrientationLandscapeRight";
				INFOPLIST_KEY_UISupportedInterfaceOrientations_iPhone = "UIInterfaceOrientationPortrait UIInterfaceOrientationLandscapeLeft UIInterfaceOrientationLandscapeRight";
				LD_RUNPATH_SEARCH_PATHS = (
					"$(inherited)",
					"@executable_path/Frameworks",
				);
				MARKETING_VERSION = 1.0;
				PRODUCT_BUNDLE_IDENTIFIER = com.enhanceit.Project1;
				PRODUCT_NAME = "$(TARGET_NAME)";
				SWIFT_EMIT_LOC_STRINGS = YES;
				SWIFT_VERSION = 5.0;
				TARGETED_DEVICE_FAMILY = "1,2";
			};
			name = Debug;
		};
		02529D7D2858FDE700D5844D /* Release */ = {
			isa = XCBuildConfiguration;
			buildSettings = {
				ASSETCATALOG_COMPILER_APPICON_NAME = AppIcon;
				ASSETCATALOG_COMPILER_GLOBAL_ACCENT_COLOR_NAME = AccentColor;
				CODE_SIGN_STYLE = Automatic;
				CURRENT_PROJECT_VERSION = 1;
				GENERATE_INFOPLIST_FILE = YES;
				INFOPLIST_FILE = Project1/Info.plist;
				INFOPLIST_KEY_UIApplicationSupportsIndirectInputEvents = YES;
				INFOPLIST_KEY_UILaunchStoryboardName = LaunchScreen;
				INFOPLIST_KEY_UIMainStoryboardFile = Main;
				INFOPLIST_KEY_UISupportedInterfaceOrientations_iPad = "UIInterfaceOrientationPortrait UIInterfaceOrientationPortraitUpsideDown UIInterfaceOrientationLandscapeLeft UIInterfaceOrientationLandscapeRight";
				INFOPLIST_KEY_UISupportedInterfaceOrientations_iPhone = "UIInterfaceOrientationPortrait UIInterfaceOrientationLandscapeLeft UIInterfaceOrientationLandscapeRight";
				LD_RUNPATH_SEARCH_PATHS = (
					"$(inherited)",
					"@executable_path/Frameworks",
				);
				MARKETING_VERSION = 1.0;
				PRODUCT_BUNDLE_IDENTIFIER = com.enhanceit.Project1;
				PRODUCT_NAME = "$(TARGET_NAME)";
				SWIFT_EMIT_LOC_STRINGS = YES;
				SWIFT_VERSION = 5.0;
				TARGETED_DEVICE_FAMILY = "1,2";
			};
			name = Release;
		};
/* End XCBuildConfiguration section */

/* Begin XCConfigurationList section */
		02529D622858FDE100D5844D /* Build configuration list for PBXProject "Project1" */ = {
			isa = XCConfigurationList;
			buildConfigurations = (
				02529D792858FDE700D5844D /* Debug */,
				02529D7A2858FDE700D5844D /* Release */,
			);
			defaultConfigurationIsVisible = 0;
			defaultConfigurationName = Release;
		};
		02529D7B2858FDE700D5844D /* Build configuration list for PBXNativeTarget "Project1" */ = {
			isa = XCConfigurationList;
			buildConfigurations = (
				02529D7C2858FDE700D5844D /* Debug */,
				02529D7D2858FDE700D5844D /* Release */,
			);
			defaultConfigurationIsVisible = 0;
			defaultConfigurationName = Release;
		};
/* End XCConfigurationList section */
	};
	rootObject = 02529D5F2858FDE100D5844D /* Project object */;
}
