// !$*UTF8*$!
{
	archiveVersion = 1;
	classes = {
	};
	objectVersion = 55;
	objects = {

/* Begin PBXBuildFile section */
		022BA51A2876601400D74DBB /* AppDelegate.swift in Sources */ = {isa = PBXBuildFile; fileRef = 022BA5192876601400D74DBB /* AppDelegate.swift */; };
		022BA51C2876601400D74DBB /* SceneDelegate.swift in Sources */ = {isa = PBXBuildFile; fileRef = 022BA51B2876601400D74DBB /* SceneDelegate.swift */; };
		022BA51E2876601400D74DBB /* SchoolListVC.swift in Sources */ = {isa = PBXBuildFile; fileRef = 022BA51D2876601400D74DBB /* SchoolListVC.swift */; };
		022BA5232876601600D74DBB /* Assets.xcassets in Resources */ = {isa = PBXBuildFile; fileRef = 022BA5222876601600D74DBB /* Assets.xcassets */; };
		022BA5262876601600D74DBB /* LaunchScreen.storyboard in Resources */ = {isa = PBXBuildFile; fileRef = 022BA5242876601600D74DBB /* LaunchScreen.storyboard */; };
		022BA531287732C800D74DBB /* School.swift in Sources */ = {isa = PBXBuildFile; fileRef = 022BA530287732C800D74DBB /* School.swift */; };
		022BA533287739EE00D74DBB /* NetworkAPI.swift in Sources */ = {isa = PBXBuildFile; fileRef = 022BA532287739EE00D74DBB /* NetworkAPI.swift */; };
		022BA53628773A5400D74DBB /* Alamofire in Frameworks */ = {isa = PBXBuildFile; productRef = 022BA53528773A5400D74DBB /* Alamofire */; };
		022BA53928773A7000D74DBB /* MJRefresh in Frameworks */ = {isa = PBXBuildFile; productRef = 022BA53828773A7000D74DBB /* MJRefresh */; };
		022BA53B2877425200D74DBB /* SAT.swift in Sources */ = {isa = PBXBuildFile; fileRef = 022BA53A2877425200D74DBB /* SAT.swift */; };
		022BA53D2877472900D74DBB /* SchoolNameCell.swift in Sources */ = {isa = PBXBuildFile; fileRef = 022BA53C2877472900D74DBB /* SchoolNameCell.swift */; };
		022BA53F2877545A00D74DBB /* SATVC.swift in Sources */ = {isa = PBXBuildFile; fileRef = 022BA53E2877545A00D74DBB /* SATVC.swift */; };
/* End PBXBuildFile section */

/* Begin PBXFileReference section */
		022BA5162876601400D74DBB /* NYCSchool.app */ = {isa = PBXFileReference; explicitFileType = wrapper.application; includeInIndex = 0; path = NYCSchool.app; sourceTree = BUILT_PRODUCTS_DIR; };
		022BA5192876601400D74DBB /* AppDelegate.swift */ = {isa = PBXFileReference; lastKnownFileType = sourcecode.swift; path = AppDelegate.swift; sourceTree = "<group>"; };
		022BA51B2876601400D74DBB /* SceneDelegate.swift */ = {isa = PBXFileReference; lastKnownFileType = sourcecode.swift; path = SceneDelegate.swift; sourceTree = "<group>"; };
		022BA51D2876601400D74DBB /* SchoolListVC.swift */ = {isa = PBXFileReference; lastKnownFileType = sourcecode.swift; path = SchoolListVC.swift; sourceTree = "<group>"; };
		022BA5222876601600D74DBB /* Assets.xcassets */ = {isa = PBXFileReference; lastKnownFileType = folder.assetcatalog; path = Assets.xcassets; sourceTree = "<group>"; };
		022BA5252876601600D74DBB /* Base */ = {isa = PBXFileReference; lastKnownFileType = file.storyboard; name = Base; path = Base.lproj/LaunchScreen.storyboard; sourceTree = "<group>"; };
		022BA5272876601600D74DBB /* Info.plist */ = {isa = PBXFileReference; lastKnownFileType = text.plist.xml; path = Info.plist; sourceTree = "<group>"; };
		022BA530287732C800D74DBB /* School.swift */ = {isa = PBXFileReference; lastKnownFileType = sourcecode.swift; path = School.swift; sourceTree = "<group>"; };
		022BA532287739EE00D74DBB /* NetworkAPI.swift */ = {isa = PBXFileReference; lastKnownFileType = sourcecode.swift; path = NetworkAPI.swift; sourceTree = "<group>"; };
		022BA53A2877425200D74DBB /* SAT.swift */ = {isa = PBXFileReference; lastKnownFileType = sourcecode.swift; path = SAT.swift; sourceTree = "<group>"; };
		022BA53C2877472900D74DBB /* SchoolNameCell.swift */ = {isa = PBXFileReference; lastKnownFileType = sourcecode.swift; path = SchoolNameCell.swift; sourceTree = "<group>"; };
		022BA53E2877545A00D74DBB /* SATVC.swift */ = {isa = PBXFileReference; lastKnownFileType = sourcecode.swift; path = SATVC.swift; sourceTree = "<group>"; };
/* End PBXFileReference section */

/* Begin PBXFrameworksBuildPhase section */
		022BA5132876601400D74DBB /* Frameworks */ = {
			isa = PBXFrameworksBuildPhase;
			buildActionMask = 2147483647;
			files = (
				022BA53628773A5400D74DBB /* Alamofire in Frameworks */,
				022BA53928773A7000D74DBB /* MJRefresh in Frameworks */,
			);
			runOnlyForDeploymentPostprocessing = 0;
		};
/* End PBXFrameworksBuildPhase section */

/* Begin PBXGroup section */
		022BA50D2876601400D74DBB = {
			isa = PBXGroup;
			children = (
				022BA5182876601400D74DBB /* NYCSchool */,
				022BA5172876601400D74DBB /* Products */,
			);
			sourceTree = "<group>";
		};
		022BA5172876601400D74DBB /* Products */ = {
			isa = PBXGroup;
			children = (
				022BA5162876601400D74DBB /* NYCSchool.app */,
			);
			name = Products;
			sourceTree = "<group>";
		};
		022BA5182876601400D74DBB /* NYCSchool */ = {
			isa = PBXGroup;
			children = (
				022BA5192876601400D74DBB /* AppDelegate.swift */,
				022BA51B2876601400D74DBB /* SceneDelegate.swift */,
				022BA5442878068400D74DBB /* Network */,
				022BA5422878062600D74DBB /* Model */,
				022BA5432878063100D74DBB /* View */,
				022BA5412878060500D74DBB /* Controller */,
				022BA5222876601600D74DBB /* Assets.xcassets */,
				022BA5242876601600D74DBB /* LaunchScreen.storyboard */,
				022BA5272876601600D74DBB /* Info.plist */,
			);
			path = NYCSchool;
			sourceTree = "<group>";
		};
		022BA5412878060500D74DBB /* Controller */ = {
			isa = PBXGroup;
			children = (
				022BA51D2876601400D74DBB /* SchoolListVC.swift */,
				022BA53E2877545A00D74DBB /* SATVC.swift */,
			);
			path = Controller;
			sourceTree = "<group>";
		};
		022BA5422878062600D74DBB /* Model */ = {
			isa = PBXGroup;
			children = (
				022BA530287732C800D74DBB /* School.swift */,
				022BA53A2877425200D74DBB /* SAT.swift */,
			);
			path = Model;
			sourceTree = "<group>";
		};
		022BA5432878063100D74DBB /* View */ = {
			isa = PBXGroup;
			children = (
				022BA53C2877472900D74DBB /* SchoolNameCell.swift */,
			);
			path = View;
			sourceTree = "<group>";
		};
		022BA5442878068400D74DBB /* Network */ = {
			isa = PBXGroup;
			children = (
				022BA532287739EE00D74DBB /* NetworkAPI.swift */,
			);
			path = Network;
			sourceTree = "<group>";
		};
/* End PBXGroup section */

/* Begin PBXNativeTarget section */
		022BA5152876601400D74DBB /* NYCSchool */ = {
			isa = PBXNativeTarget;
			buildConfigurationList = 022BA52A2876601600D74DBB /* Build configuration list for PBXNativeTarget "NYCSchool" */;
			buildPhases = (
				022BA5122876601400D74DBB /* Sources */,
				022BA5132876601400D74DBB /* Frameworks */,
				022BA5142876601400D74DBB /* Resources */,
			);
			buildRules = (
			);
			dependencies = (
			);
			name = NYCSchool;
			packageProductDependencies = (
				022BA53528773A5400D74DBB /* Alamofire */,
				022BA53828773A7000D74DBB /* MJRefresh */,
			);
			productName = NYCSchool;
			productReference = 022BA5162876601400D74DBB /* NYCSchool.app */;
			productType = "com.apple.product-type.application";
		};
/* End PBXNativeTarget section */

/* Begin PBXProject section */
		022BA50E2876601400D74DBB /* Project object */ = {
			isa = PBXProject;
			attributes = {
				BuildIndependentTargetsInParallel = 1;
				LastSwiftUpdateCheck = 1340;
				LastUpgradeCheck = 1340;
				TargetAttributes = {
					022BA5152876601400D74DBB = {
						CreatedOnToolsVersion = 13.4.1;
					};
				};
			};
			buildConfigurationList = 022BA5112876601400D74DBB /* Build configuration list for PBXProject "NYCSchool" */;
			compatibilityVersion = "Xcode 13.0";
			developmentRegion = en;
			hasScannedForEncodings = 0;
			knownRegions = (
				en,
				Base,
			);
			mainGroup = 022BA50D2876601400D74DBB;
			packageReferences = (
				022BA53428773A5400D74DBB /* XCRemoteSwiftPackageReference "Alamofire" */,
				022BA53728773A7000D74DBB /* XCRemoteSwiftPackageReference "MJRefresh" */,
			);
			productRefGroup = 022BA5172876601400D74DBB /* Products */;
			projectDirPath = "";
			projectRoot = "";
			targets = (
				022BA5152876601400D74DBB /* NYCSchool */,
			);
		};
/* End PBXProject section */

/* Begin PBXResourcesBuildPhase section */
		022BA5142876601400D74DBB /* Resources */ = {
			isa = PBXResourcesBuildPhase;
			buildActionMask = 2147483647;
			files = (
				022BA5262876601600D74DBB /* LaunchScreen.storyboard in Resources */,
				022BA5232876601600D74DBB /* Assets.xcassets in Resources */,
			);
			runOnlyForDeploymentPostprocessing = 0;
		};
/* End PBXResourcesBuildPhase section */

/* Begin PBXSourcesBuildPhase section */
		022BA5122876601400D74DBB /* Sources */ = {
			isa = PBXSourcesBuildPhase;
			buildActionMask = 2147483647;
			files = (
				022BA51E2876601400D74DBB /* SchoolListVC.swift in Sources */,
				022BA533287739EE00D74DBB /* NetworkAPI.swift in Sources */,
				022BA51A2876601400D74DBB /* AppDelegate.swift in Sources */,
				022BA53D2877472900D74DBB /* SchoolNameCell.swift in Sources */,
				022BA53F2877545A00D74DBB /* SATVC.swift in Sources */,
				022BA51C2876601400D74DBB /* SceneDelegate.swift in Sources */,
				022BA53B2877425200D74DBB /* SAT.swift in Sources */,
				022BA531287732C800D74DBB /* School.swift in Sources */,
			);
			runOnlyForDeploymentPostprocessing = 0;
		};
/* End PBXSourcesBuildPhase section */

/* Begin PBXVariantGroup section */
		022BA5242876601600D74DBB /* LaunchScreen.storyboard */ = {
			isa = PBXVariantGroup;
			children = (
				022BA5252876601600D74DBB /* Base */,
			);
			name = LaunchScreen.storyboard;
			sourceTree = "<group>";
		};
/* End PBXVariantGroup section */

/* Begin XCBuildConfiguration section */
		022BA5282876601600D74DBB /* Debug */ = {
			isa = XCBuildConfiguration;
			buildSettings = {
				ALWAYS_SEARCH_USER_PATHS = NO;
				CLANG_ANALYZER_NONNULL = YES;
				CLANG_ANALYZER_NUMBER_OBJECT_CONVERSION = YES_AGGRESSIVE;
				CLANG_CXX_LANGUAGE_STANDARD = "gnu++17";
				CLANG_ENABLE_MODULES = YES;
				CLANG_ENABLE_OBJC_ARC = YES;
				CLANG_ENABLE_OBJC_WEAK = YES;
				CLANG_WARN_BLOCK_CAPTURE_AUTORELEASING = YES;
				CLANG_WARN_BOOL_CONVERSION = YES;
				CLANG_WARN_COMMA = YES;
				CLANG_WARN_CONSTANT_CONVERSION = YES;
				CLANG_WARN_DEPRECATED_OBJC_IMPLEMENTATIONS = YES;
				CLANG_WARN_DIRECT_OBJC_ISA_USAGE = YES_ERROR;
				CLANG_WARN_DOCUMENTATION_COMMENTS = YES;
				CLANG_WARN_EMPTY_BODY = YES;
				CLANG_WARN_ENUM_CONVERSION = YES;
				CLANG_WARN_INFINITE_RECURSION = YES;
				CLANG_WARN_INT_CONVERSION = YES;
				CLANG_WARN_NON_LITERAL_NULL_CONVERSION = YES;
				CLANG_WARN_OBJC_IMPLICIT_RETAIN_SELF = YES;
				CLANG_WARN_OBJC_LITERAL_CONVERSION = YES;
				CLANG_WARN_OBJC_ROOT_CLASS = YES_ERROR;
				CLANG_WARN_QUOTED_INCLUDE_IN_FRAMEWORK_HEADER = YES;
				CLANG_WARN_RANGE_LOOP_ANALYSIS = YES;
				CLANG_WARN_STRICT_PROTOTYPES = YES;
				CLANG_WARN_SUSPICIOUS_MOVE = YES;
				CLANG_WARN_UNGUARDED_AVAILABILITY = YES_AGGRESSIVE;
				CLANG_WARN_UNREACHABLE_CODE = YES;
				CLANG_WARN__DUPLICATE_METHOD_MATCH = YES;
				COPY_PHASE_STRIP = NO;
				DEBUG_INFORMATION_FORMAT = dwarf;
				ENABLE_STRICT_OBJC_MSGSEND = YES;
				ENABLE_TESTABILITY = YES;
				ENABLE_TESTING_SEARCH_PATHS = YES;
				GCC_C_LANGUAGE_STANDARD = gnu11;
				GCC_DYNAMIC_NO_PIC = NO;
				GCC_NO_COMMON_BLOCKS = YES;
				GCC_OPTIMIZATION_LEVEL = 0;
				GCC_PREPROCESSOR_DEFINITIONS = (
					"DEBUG=1",
					"$(inherited)",
				);
				GCC_WARN_64_TO_32_BIT_CONVERSION = YES;
				GCC_WARN_ABOUT_RETURN_TYPE = YES_ERROR;
				GCC_WARN_UNDECLARED_SELECTOR = YES;
				GCC_WARN_UNINITIALIZED_AUTOS = YES_AGGRESSIVE;
				GCC_WARN_UNUSED_FUNCTION = YES;
				GCC_WARN_UNUSED_VARIABLE = YES;
				IPHONEOS_DEPLOYMENT_TARGET = 15.5;
				MTL_ENABLE_DEBUG_INFO = INCLUDE_SOURCE;
				MTL_FAST_MATH = YES;
				ONLY_ACTIVE_ARCH = YES;
				SDKROOT = iphoneos;
				SWIFT_ACTIVE_COMPILATION_CONDITIONS = DEBUG;
				SWIFT_OPTIMIZATION_LEVEL = "-Onone";
			};
			name = Debug;
		};
		022BA5292876601600D74DBB /* Release */ = {
			isa = XCBuildConfiguration;
			buildSettings = {
				ALWAYS_SEARCH_USER_PATHS = NO;
				CLANG_ANALYZER_NONNULL = YES;
				CLANG_ANALYZER_NUMBER_OBJECT_CONVERSION = YES_AGGRESSIVE;
				CLANG_CXX_LANGUAGE_STANDARD = "gnu++17";
				CLANG_ENABLE_MODULES = YES;
				CLANG_ENABLE_OBJC_ARC = YES;
				CLANG_ENABLE_OBJC_WEAK = YES;
				CLANG_WARN_BLOCK_CAPTURE_AUTORELEASING = YES;
				CLANG_WARN_BOOL_CONVERSION = YES;
				CLANG_WARN_COMMA = YES;
				CLANG_WARN_CONSTANT_CONVERSION = YES;
				CLANG_WARN_DEPRECATED_OBJC_IMPLEMENTATIONS = YES;
				CLANG_WARN_DIRECT_OBJC_ISA_USAGE = YES_ERROR;
				CLANG_WARN_DOCUMENTATION_COMMENTS = YES;
				CLANG_WARN_EMPTY_BODY = YES;
				CLANG_WARN_ENUM_CONVERSION = YES;
				CLANG_WARN_INFINITE_RECURSION = YES;
				CLANG_WARN_INT_CONVERSION = YES;
				CLANG_WARN_NON_LITERAL_NULL_CONVERSION = YES;
				CLANG_WARN_OBJC_IMPLICIT_RETAIN_SELF = YES;
				CLANG_WARN_OBJC_LITERAL_CONVERSION = YES;
				CLANG_WARN_OBJC_ROOT_CLASS = YES_ERROR;
				CLANG_WARN_QUOTED_INCLUDE_IN_FRAMEWORK_HEADER = YES;
				CLANG_WARN_RANGE_LOOP_ANALYSIS = YES;
				CLANG_WARN_STRICT_PROTOTYPES = YES;
				CLANG_WARN_SUSPICIOUS_MOVE = YES;
				CLANG_WARN_UNGUARDED_AVAILABILITY = YES_AGGRESSIVE;
				CLANG_WARN_UNREACHABLE_CODE = YES;
				CLANG_WARN__DUPLICATE_METHOD_MATCH = YES;
				COPY_PHASE_STRIP = NO;
				DEBUG_INFORMATION_FORMAT = "dwarf-with-dsym";
				ENABLE_NS_ASSERTIONS = NO;
				ENABLE_STRICT_OBJC_MSGSEND = YES;
				ENABLE_TESTING_SEARCH_PATHS = YES;
				GCC_C_LANGUAGE_STANDARD = gnu11;
				GCC_NO_COMMON_BLOCKS = YES;
				GCC_WARN_64_TO_32_BIT_CONVERSION = YES;
				GCC_WARN_ABOUT_RETURN_TYPE = YES_ERROR;
				GCC_WARN_UNDECLARED_SELECTOR = YES;
				GCC_WARN_UNINITIALIZED_AUTOS = YES_AGGRESSIVE;
				GCC_WARN_UNUSED_FUNCTION = YES;
				GCC_WARN_UNUSED_VARIABLE = YES;
				IPHONEOS_DEPLOYMENT_TARGET = 15.5;
				MTL_ENABLE_DEBUG_INFO = NO;
				MTL_FAST_MATH = YES;
				SDKROOT = iphoneos;
				SWIFT_COMPILATION_MODE = wholemodule;
				SWIFT_OPTIMIZATION_LEVEL = "-O";
				VALIDATE_PRODUCT = YES;
			};
			name = Release;
		};
		022BA52B2876601600D74DBB /* Debug */ = {
			isa = XCBuildConfiguration;
			buildSettings = {
				ASSETCATALOG_COMPILER_APPICON_NAME = AppIcon;
				ASSETCATALOG_COMPILER_GLOBAL_ACCENT_COLOR_NAME = AccentColor;
				CODE_SIGN_STYLE = Automatic;
				CURRENT_PROJECT_VERSION = 1;
				ENABLE_TESTABILITY = YES;
				ENABLE_TESTING_SEARCH_PATHS = YES;
				GENERATE_INFOPLIST_FILE = YES;
				INFOPLIST_FILE = NYCSchool/Info.plist;
				INFOPLIST_KEY_UIApplicationSupportsIndirectInputEvents = YES;
				INFOPLIST_KEY_UILaunchStoryboardName = LaunchScreen;
				INFOPLIST_KEY_UISupportedInterfaceOrientations_iPad = "UIInterfaceOrientationPortrait UIInterfaceOrientationPortraitUpsideDown UIInterfaceOrientationLandscapeLeft UIInterfaceOrientationLandscapeRight";
				INFOPLIST_KEY_UISupportedInterfaceOrientations_iPhone = "UIInterfaceOrientationPortrait UIInterfaceOrientationLandscapeLeft UIInterfaceOrientationLandscapeRight";
				LD_RUNPATH_SEARCH_PATHS = (
					"$(inherited)",
					"@executable_path/Frameworks",
				);
				MARKETING_VERSION = 1.0;
				PRODUCT_BUNDLE_IDENTIFIER = com.enhanceit.NYCSchool;
				PRODUCT_NAME = "$(TARGET_NAME)";
				SWIFT_EMIT_LOC_STRINGS = YES;
				SWIFT_VERSION = 5.0;
				TARGETED_DEVICE_FAMILY = "1,2";
			};
			name = Debug;
		};
		022BA52C2876601600D74DBB /* Release */ = {
			isa = XCBuildConfiguration;
			buildSettings = {
				ASSETCATALOG_COMPILER_APPICON_NAME = AppIcon;
				ASSETCATALOG_COMPILER_GLOBAL_ACCENT_COLOR_NAME = AccentColor;
				CODE_SIGN_STYLE = Automatic;
				CURRENT_PROJECT_VERSION = 1;
				ENABLE_TESTABILITY = YES;
				ENABLE_TESTING_SEARCH_PATHS = YES;
				GENERATE_INFOPLIST_FILE = YES;
				INFOPLIST_FILE = NYCSchool/Info.plist;
				INFOPLIST_KEY_UIApplicationSupportsIndirectInputEvents = YES;
				INFOPLIST_KEY_UILaunchStoryboardName = LaunchScreen;
				INFOPLIST_KEY_UISupportedInterfaceOrientations_iPad = "UIInterfaceOrientationPortrait UIInterfaceOrientationPortraitUpsideDown UIInterfaceOrientationLandscapeLeft UIInterfaceOrientationLandscapeRight";
				INFOPLIST_KEY_UISupportedInterfaceOrientations_iPhone = "UIInterfaceOrientationPortrait UIInterfaceOrientationLandscapeLeft UIInterfaceOrientationLandscapeRight";
				LD_RUNPATH_SEARCH_PATHS = (
					"$(inherited)",
					"@executable_path/Frameworks",
				);
				MARKETING_VERSION = 1.0;
				PRODUCT_BUNDLE_IDENTIFIER = com.enhanceit.NYCSchool;
				PRODUCT_NAME = "$(TARGET_NAME)";
				SWIFT_EMIT_LOC_STRINGS = YES;
				SWIFT_VERSION = 5.0;
				TARGETED_DEVICE_FAMILY = "1,2";
			};
			name = Release;
		};
/* End XCBuildConfiguration section */

/* Begin XCConfigurationList section */
		022BA5112876601400D74DBB /* Build configuration list for PBXProject "NYCSchool" */ = {
			isa = XCConfigurationList;
			buildConfigurations = (
				022BA5282876601600D74DBB /* Debug */,
				022BA5292876601600D74DBB /* Release */,
			);
			defaultConfigurationIsVisible = 0;
			defaultConfigurationName = Release;
		};
		022BA52A2876601600D74DBB /* Build configuration list for PBXNativeTarget "NYCSchool" */ = {
			isa = XCConfigurationList;
			buildConfigurations = (
				022BA52B2876601600D74DBB /* Debug */,
				022BA52C2876601600D74DBB /* Release */,
			);
			defaultConfigurationIsVisible = 0;
			defaultConfigurationName = Release;
		};
/* End XCConfigurationList section */

/* Begin XCRemoteSwiftPackageReference section */
		022BA53428773A5400D74DBB /* XCRemoteSwiftPackageReference "Alamofire" */ = {
			isa = XCRemoteSwiftPackageReference;
			repositoryURL = "https://github.com/Alamofire/Alamofire";
			requirement = {
				branch = master;
				kind = branch;
			};
		};
		022BA53728773A7000D74DBB /* XCRemoteSwiftPackageReference "MJRefresh" */ = {
			isa = XCRemoteSwiftPackageReference;
			repositoryURL = "https://github.com/CoderMJLee/MJRefresh";
			requirement = {
				branch = master;
				kind = branch;
			};
		};
/* End XCRemoteSwiftPackageReference section */

/* Begin XCSwiftPackageProductDependency section */
		022BA53528773A5400D74DBB /* Alamofire */ = {
			isa = XCSwiftPackageProductDependency;
			package = 022BA53428773A5400D74DBB /* XCRemoteSwiftPackageReference "Alamofire" */;
			productName = Alamofire;
		};
		022BA53828773A7000D74DBB /* MJRefresh */ = {
			isa = XCSwiftPackageProductDependency;
			package = 022BA53728773A7000D74DBB /* XCRemoteSwiftPackageReference "MJRefresh" */;
			productName = MJRefresh;
		};
/* End XCSwiftPackageProductDependency section */
	};
	rootObject = 022BA50E2876601400D74DBB /* Project object */;
}
